{
  "pins" : [
    {
      "identity" : "starscream",
      "kind" : "remoteSourceControl",
      "location" : "https://github.com/daltoniam/Starscream.git",
      "state" : {
        "branch" : "master",
        "revision" : "d3a0b107328e3bc1601dccbfbcd556bd53aed767"
      }
    }
  ],
  "version" : 2
}
